// !$*UTF8*$!
{
	archiveVersion = 1;
	classes = {
	};
	objectVersion = 56;
	objects = {

/* Begin PBXBuildFile section */
		9153E5362BA179350071B6FB /* Youtube_dlp_FormacApp.swift in Sources */ = {isa = PBXBuildFile; fileRef = 9153E5352BA179350071B6FB /* Youtube_dlp_FormacApp.swift */; };
		9153E5382BA179350071B6FB /* ContentView.swift in Sources */ = {isa = PBXBuildFile; fileRef = 9153E5372BA179350071B6FB /* ContentView.swift */; };
		9153E53A2BA179350071B6FB /* Item.swift in Sources */ = {isa = PBXBuildFile; fileRef = 9153E5392BA179350071B6FB /* Item.swift */; };
		9153E53C2BA179370071B6FB /* Assets.xcassets in Resources */ = {isa = PBXBuildFile; fileRef = 9153E53B2BA179370071B6FB /* Assets.xcassets */; };
		9153E53F2BA179370071B6FB /* Preview Assets.xcassets in Resources */ = {isa = PBXBuildFile; fileRef = 9153E53E2BA179370071B6FB /* Preview Assets.xcassets */; };
		9153E54A2BA179370071B6FB /* Youtube_dlp_FormacTests.swift in Sources */ = {isa = PBXBuildFile; fileRef = 9153E5492BA179370071B6FB /* Youtube_dlp_FormacTests.swift */; };
		9153E5542BA179370071B6FB /* Youtube_dlp_FormacUITests.swift in Sources */ = {isa = PBXBuildFile; fileRef = 9153E5532BA179370071B6FB /* Youtube_dlp_FormacUITests.swift */; };
		9153E5562BA179370071B6FB /* Youtube_dlp_FormacUITestsLaunchTests.swift in Sources */ = {isa = PBXBuildFile; fileRef = 9153E5552BA179370071B6FB /* Youtube_dlp_FormacUITestsLaunchTests.swift */; };
/* End PBXBuildFile section */

/* Begin PBXContainerItemProxy section */
		9153E5462BA179370071B6FB /* PBXContainerItemProxy */ = {
			isa = PBXContainerItemProxy;
			containerPortal = 9153E52A2BA179350071B6FB /* Project object */;
			proxyType = 1;
			remoteGlobalIDString = 9153E5312BA179350071B6FB;
			remoteInfo = "Youtube-dlp-Formac";
		};
		9153E5502BA179370071B6FB /* PBXContainerItemProxy */ = {
			isa = PBXContainerItemProxy;
			containerPortal = 9153E52A2BA179350071B6FB /* Project object */;
			proxyType = 1;
			remoteGlobalIDString = 9153E5312BA179350071B6FB;
			remoteInfo = "Youtube-dlp-Formac";
		};
/* End PBXContainerItemProxy section */

/* Begin PBXFileReference section */
		9153E5322BA179350071B6FB /* Youtube-dlp-Formac.app */ = {isa = PBXFileReference; explicitFileType = wrapper.application; includeInIndex = 0; path = "Youtube-dlp-Formac.app"; sourceTree = BUILT_PRODUCTS_DIR; };
		9153E5352BA179350071B6FB /* Youtube_dlp_FormacApp.swift */ = {isa = PBXFileReference; lastKnownFileType = sourcecode.swift; path = Youtube_dlp_FormacApp.swift; sourceTree = "<group>"; };
		9153E5372BA179350071B6FB /* ContentView.swift */ = {isa = PBXFileReference; lastKnownFileType = sourcecode.swift; path = ContentView.swift; sourceTree = "<group>"; };
		9153E5392BA179350071B6FB /* Item.swift */ = {isa = PBXFileReference; lastKnownFileType = sourcecode.swift; path = Item.swift; sourceTree = "<group>"; };
		9153E53B2BA179370071B6FB /* Assets.xcassets */ = {isa = PBXFileReference; lastKnownFileType = folder.assetcatalog; path = Assets.xcassets; sourceTree = "<group>"; };
		9153E53E2BA179370071B6FB /* Preview Assets.xcassets */ = {isa = PBXFileReference; lastKnownFileType = folder.assetcatalog; path = "Preview Assets.xcassets"; sourceTree = "<group>"; };
		9153E5402BA179370071B6FB /* Youtube_dlp_Formac.entitlements */ = {isa = PBXFileReference; lastKnownFileType = text.plist.entitlements; path = Youtube_dlp_Formac.entitlements; sourceTree = "<group>"; };
		9153E5452BA179370071B6FB /* Youtube-dlp-FormacTests.xctest */ = {isa = PBXFileReference; explicitFileType = wrapper.cfbundle; includeInIndex = 0; path = "Youtube-dlp-FormacTests.xctest"; sourceTree = BUILT_PRODUCTS_DIR; };
		9153E5492BA179370071B6FB /* Youtube_dlp_FormacTests.swift */ = {isa = PBXFileReference; lastKnownFileType = sourcecode.swift; path = Youtube_dlp_FormacTests.swift; sourceTree = "<group>"; };
		9153E54F2BA179370071B6FB /* Youtube-dlp-FormacUITests.xctest */ = {isa = PBXFileReference; explicitFileType = wrapper.cfbundle; includeInIndex = 0; path = "Youtube-dlp-FormacUITests.xctest"; sourceTree = BUILT_PRODUCTS_DIR; };
		9153E5532BA179370071B6FB /* Youtube_dlp_FormacUITests.swift */ = {isa = PBXFileReference; lastKnownFileType = sourcecode.swift; path = Youtube_dlp_FormacUITests.swift; sourceTree = "<group>"; };
		9153E5552BA179370071B6FB /* Youtube_dlp_FormacUITestsLaunchTests.swift */ = {isa = PBXFileReference; lastKnownFileType = sourcecode.swift; path = Youtube_dlp_FormacUITestsLaunchTests.swift; sourceTree = "<group>"; };
/* End PBXFileReference section */

/* Begin PBXFrameworksBuildPhase section */
		9153E52F2BA179350071B6FB /* Frameworks */ = {
			isa = PBXFrameworksBuildPhase;
			buildActionMask = 2147483647;
			files = (
			);
			runOnlyForDeploymentPostprocessing = 0;
		};
		9153E5422BA179370071B6FB /* Frameworks */ = {
			isa = PBXFrameworksBuildPhase;
			buildActionMask = 2147483647;
			files = (
			);
			runOnlyForDeploymentPostprocessing = 0;
		};
		9153E54C2BA179370071B6FB /* Frameworks */ = {
			isa = PBXFrameworksBuildPhase;
			buildActionMask = 2147483647;
			files = (
			);
			runOnlyForDeploymentPostprocessing = 0;
		};
/* End PBXFrameworksBuildPhase section */

/* Begin PBXGroup section */
		9153E5292BA179350071B6FB = {
			isa = PBXGroup;
			children = (
				9153E5342BA179350071B6FB /* Youtube-dlp-Formac */,
				9153E5482BA179370071B6FB /* Youtube-dlp-FormacTests */,
				9153E5522BA179370071B6FB /* Youtube-dlp-FormacUITests */,
				9153E5332BA179350071B6FB /* Products */,
			);
			sourceTree = "<group>";
		};
		9153E5332BA179350071B6FB /* Products */ = {
			isa = PBXGroup;
			children = (
				9153E5322BA179350071B6FB /* Youtube-dlp-Formac.app */,
				9153E5452BA179370071B6FB /* Youtube-dlp-FormacTests.xctest */,
				9153E54F2BA179370071B6FB /* Youtube-dlp-FormacUITests.xctest */,
			);
			name = Products;
			sourceTree = "<group>";
		};
		9153E5342BA179350071B6FB /* Youtube-dlp-Formac */ = {
			isa = PBXGroup;
			children = (
				9153E5352BA179350071B6FB /* Youtube_dlp_FormacApp.swift */,
				9153E5372BA179350071B6FB /* ContentView.swift */,
				9153E5392BA179350071B6FB /* Item.swift */,
				9153E53B2BA179370071B6FB /* Assets.xcassets */,
				9153E5402BA179370071B6FB /* Youtube_dlp_Formac.entitlements */,
				9153E53D2BA179370071B6FB /* Preview Content */,
			);
			path = "Youtube-dlp-Formac";
			sourceTree = "<group>";
		};
		9153E53D2BA179370071B6FB /* Preview Content */ = {
			isa = PBXGroup;
			children = (
				9153E53E2BA179370071B6FB /* Preview Assets.xcassets */,
			);
			path = "Preview Content";
			sourceTree = "<group>";
		};
		9153E5482BA179370071B6FB /* Youtube-dlp-FormacTests */ = {
			isa = PBXGroup;
			children = (
				9153E5492BA179370071B6FB /* Youtube_dlp_FormacTests.swift */,
			);
			path = "Youtube-dlp-FormacTests";
			sourceTree = "<group>";
		};
		9153E5522BA179370071B6FB /* Youtube-dlp-FormacUITests */ = {
			isa = PBXGroup;
			children = (
				9153E5532BA179370071B6FB /* Youtube_dlp_FormacUITests.swift */,
				9153E5552BA179370071B6FB /* Youtube_dlp_FormacUITestsLaunchTests.swift */,
			);
			path = "Youtube-dlp-FormacUITests";
			sourceTree = "<group>";
		};
/* End PBXGroup section */

/* Begin PBXNativeTarget section */
		9153E5312BA179350071B6FB /* Youtube-dlp-Formac */ = {
			isa = PBXNativeTarget;
			buildConfigurationList = 9153E5592BA179370071B6FB /* Build configuration list for PBXNativeTarget "Youtube-dlp-Formac" */;
			buildPhases = (
				9153E52E2BA179350071B6FB /* Sources */,
				9153E52F2BA179350071B6FB /* Frameworks */,
				9153E5302BA179350071B6FB /* Resources */,
			);
			buildRules = (
			);
			dependencies = (
			);
			name = "Youtube-dlp-Formac";
			productName = "Youtube-dlp-Formac";
			productReference = 9153E5322BA179350071B6FB /* Youtube-dlp-Formac.app */;
			productType = "com.apple.product-type.application";
		};
		9153E5442BA179370071B6FB /* Youtube-dlp-FormacTests */ = {
			isa = PBXNativeTarget;
			buildConfigurationList = 9153E55C2BA179370071B6FB /* Build configuration list for PBXNativeTarget "Youtube-dlp-FormacTests" */;
			buildPhases = (
				9153E5412BA179370071B6FB /* Sources */,
				9153E5422BA179370071B6FB /* Frameworks */,
				9153E5432BA179370071B6FB /* Resources */,
			);
			buildRules = (
			);
			dependencies = (
				9153E5472BA179370071B6FB /* PBXTargetDependency */,
			);
			name = "Youtube-dlp-FormacTests";
			productName = "Youtube-dlp-FormacTests";
			productReference = 9153E5452BA179370071B6FB /* Youtube-dlp-FormacTests.xctest */;
			productType = "com.apple.product-type.bundle.unit-test";
		};
		9153E54E2BA179370071B6FB /* Youtube-dlp-FormacUITests */ = {
			isa = PBXNativeTarget;
			buildConfigurationList = 9153E55F2BA179370071B6FB /* Build configuration list for PBXNativeTarget "Youtube-dlp-FormacUITests" */;
			buildPhases = (
				9153E54B2BA179370071B6FB /* Sources */,
				9153E54C2BA179370071B6FB /* Frameworks */,
				9153E54D2BA179370071B6FB /* Resources */,
			);
			buildRules = (
			);
			dependencies = (
				9153E5512BA179370071B6FB /* PBXTargetDependency */,
			);
			name = "Youtube-dlp-FormacUITests";
			productName = "Youtube-dlp-FormacUITests";
			productReference = 9153E54F2BA179370071B6FB /* Youtube-dlp-FormacUITests.xctest */;
			productType = "com.apple.product-type.bundle.ui-testing";
		};
/* End PBXNativeTarget section */

/* Begin PBXProject section */
		9153E52A2BA179350071B6FB /* Project object */ = {
			isa = PBXProject;
			attributes = {
				BuildIndependentTargetsInParallel = 1;
				LastSwiftUpdateCheck = 1530;
				LastUpgradeCheck = 1530;
				TargetAttributes = {
					9153E5312BA179350071B6FB = {
						CreatedOnToolsVersion = 15.3;
					};
					9153E5442BA179370071B6FB = {
						CreatedOnToolsVersion = 15.3;
						TestTargetID = 9153E5312BA179350071B6FB;
					};
					9153E54E2BA179370071B6FB = {
						CreatedOnToolsVersion = 15.3;
						TestTargetID = 9153E5312BA179350071B6FB;
					};
				};
			};
			buildConfigurationList = 9153E52D2BA179350071B6FB /* Build configuration list for PBXProject "Youtube-dlp-Formac" */;
			compatibilityVersion = "Xcode 14.0";
			developmentRegion = en;
			hasScannedForEncodings = 0;
			knownRegions = (
				en,
				Base,
			);
			mainGroup = 9153E5292BA179350071B6FB;
			productRefGroup = 9153E5332BA179350071B6FB /* Products */;
			projectDirPath = "";
			projectRoot = "";
			targets = (
				9153E5312BA179350071B6FB /* Youtube-dlp-Formac */,
				9153E5442BA179370071B6FB /* Youtube-dlp-FormacTests */,
				9153E54E2BA179370071B6FB /* Youtube-dlp-FormacUITests */,
			);
		};
/* End PBXProject section */

/* Begin PBXResourcesBuildPhase section */
		9153E5302BA179350071B6FB /* Resources */ = {
			isa = PBXResourcesBuildPhase;
			buildActionMask = 2147483647;
			files = (
				9153E53F2BA179370071B6FB /* Preview Assets.xcassets in Resources */,
				9153E53C2BA179370071B6FB /* Assets.xcassets in Resources */,
			);
			runOnlyForDeploymentPostprocessing = 0;
		};
		9153E5432BA179370071B6FB /* Resources */ = {
			isa = PBXResourcesBuildPhase;
			buildActionMask = 2147483647;
			files = (
			);
			runOnlyForDeploymentPostprocessing = 0;
		};
		9153E54D2BA179370071B6FB /* Resources */ = {
			isa = PBXResourcesBuildPhase;
			buildActionMask = 2147483647;
			files = (
			);
			runOnlyForDeploymentPostprocessing = 0;
		};
/* End PBXResourcesBuildPhase section */

/* Begin PBXSourcesBuildPhase section */
		9153E52E2BA179350071B6FB /* Sources */ = {
			isa = PBXSourcesBuildPhase;
			buildActionMask = 2147483647;
			files = (
				9153E5382BA179350071B6FB /* ContentView.swift in Sources */,
				9153E53A2BA179350071B6FB /* Item.swift in Sources */,
				9153E5362BA179350071B6FB /* Youtube_dlp_FormacApp.swift in Sources */,
			);
			runOnlyForDeploymentPostprocessing = 0;
		};
		9153E5412BA179370071B6FB /* Sources */ = {
			isa = PBXSourcesBuildPhase;
			buildActionMask = 2147483647;
			files = (
				9153E54A2BA179370071B6FB /* Youtube_dlp_FormacTests.swift in Sources */,
			);
			runOnlyForDeploymentPostprocessing = 0;
		};
		9153E54B2BA179370071B6FB /* Sources */ = {
			isa = PBXSourcesBuildPhase;
			buildActionMask = 2147483647;
			files = (
				9153E5542BA179370071B6FB /* Youtube_dlp_FormacUITests.swift in Sources */,
				9153E5562BA179370071B6FB /* Youtube_dlp_FormacUITestsLaunchTests.swift in Sources */,
			);
			runOnlyForDeploymentPostprocessing = 0;
		};
/* End PBXSourcesBuildPhase section */

/* Begin PBXTargetDependency section */
		9153E5472BA179370071B6FB /* PBXTargetDependency */ = {
			isa = PBXTargetDependency;
			target = 9153E5312BA179350071B6FB /* Youtube-dlp-Formac */;
			targetProxy = 9153E5462BA179370071B6FB /* PBXContainerItemProxy */;
		};
		9153E5512BA179370071B6FB /* PBXTargetDependency */ = {
			isa = PBXTargetDependency;
			target = 9153E5312BA179350071B6FB /* Youtube-dlp-Formac */;
			targetProxy = 9153E5502BA179370071B6FB /* PBXContainerItemProxy */;
		};
/* End PBXTargetDependency section */

/* Begin XCBuildConfiguration section */
		9153E5572BA179370071B6FB /* Debug */ = {
			isa = XCBuildConfiguration;
			buildSettings = {
				ALWAYS_SEARCH_USER_PATHS = NO;
				ASSETCATALOG_COMPILER_GENERATE_SWIFT_ASSET_SYMBOL_EXTENSIONS = YES;
				CLANG_ANALYZER_NONNULL = YES;
				CLANG_ANALYZER_NUMBER_OBJECT_CONVERSION = YES_AGGRESSIVE;
				CLANG_CXX_LANGUAGE_STANDARD = "gnu++20";
				CLANG_ENABLE_MODULES = YES;
				CLANG_ENABLE_OBJC_ARC = YES;
				CLANG_ENABLE_OBJC_WEAK = YES;
				CLANG_WARN_BLOCK_CAPTURE_AUTORELEASING = YES;
				CLANG_WARN_BOOL_CONVERSION = YES;
				CLANG_WARN_COMMA = YES;
				CLANG_WARN_CONSTANT_CONVERSION = YES;
				CLANG_WARN_DEPRECATED_OBJC_IMPLEMENTATIONS = YES;
				CLANG_WARN_DIRECT_OBJC_ISA_USAGE = YES_ERROR;
				CLANG_WARN_DOCUMENTATION_COMMENTS = YES;
				CLANG_WARN_EMPTY_BODY = YES;
				CLANG_WARN_ENUM_CONVERSION = YES;
				CLANG_WARN_INFINITE_RECURSION = YES;
				CLANG_WARN_INT_CONVERSION = YES;
				CLANG_WARN_NON_LITERAL_NULL_CONVERSION = YES;
				CLANG_WARN_OBJC_IMPLICIT_RETAIN_SELF = YES;
				CLANG_WARN_OBJC_LITERAL_CONVERSION = YES;
				CLANG_WARN_OBJC_ROOT_CLASS = YES_ERROR;
				CLANG_WARN_QUOTED_INCLUDE_IN_FRAMEWORK_HEADER = YES;
				CLANG_WARN_RANGE_LOOP_ANALYSIS = YES;
				CLANG_WARN_STRICT_PROTOTYPES = YES;
				CLANG_WARN_SUSPICIOUS_MOVE = YES;
				CLANG_WARN_UNGUARDED_AVAILABILITY = YES_AGGRESSIVE;
				CLANG_WARN_UNREACHABLE_CODE = YES;
				CLANG_WARN__DUPLICATE_METHOD_MATCH = YES;
				COPY_PHASE_STRIP = NO;
				DEBUG_INFORMATION_FORMAT = dwarf;
				ENABLE_STRICT_OBJC_MSGSEND = YES;
				ENABLE_TESTABILITY = YES;
				ENABLE_USER_SCRIPT_SANDBOXING = YES;
				GCC_C_LANGUAGE_STANDARD = gnu17;
				GCC_DYNAMIC_NO_PIC = NO;
				GCC_NO_COMMON_BLOCKS = YES;
				GCC_OPTIMIZATION_LEVEL = 0;
				GCC_PREPROCESSOR_DEFINITIONS = (
					"DEBUG=1",
					"$(inherited)",
				);
				GCC_WARN_64_TO_32_BIT_CONVERSION = YES;
				GCC_WARN_ABOUT_RETURN_TYPE = YES_ERROR;
				GCC_WARN_UNDECLARED_SELECTOR = YES;
				GCC_WARN_UNINITIALIZED_AUTOS = YES_AGGRESSIVE;
				GCC_WARN_UNUSED_FUNCTION = YES;
				GCC_WARN_UNUSED_VARIABLE = YES;
				LOCALIZATION_PREFERS_STRING_CATALOGS = YES;
				MACOSX_DEPLOYMENT_TARGET = 14.4;
				MTL_ENABLE_DEBUG_INFO = INCLUDE_SOURCE;
				MTL_FAST_MATH = YES;
				ONLY_ACTIVE_ARCH = YES;
				SDKROOT = macosx;
				SWIFT_ACTIVE_COMPILATION_CONDITIONS = "DEBUG $(inherited)";
				SWIFT_OPTIMIZATION_LEVEL = "-Onone";
			};
			name = Debug;
		};
		9153E5582BA179370071B6FB /* Release */ = {
			isa = XCBuildConfiguration;
			buildSettings = {
				ALWAYS_SEARCH_USER_PATHS = NO;
				ASSETCATALOG_COMPILER_GENERATE_SWIFT_ASSET_SYMBOL_EXTENSIONS = YES;
				CLANG_ANALYZER_NONNULL = YES;
				CLANG_ANALYZER_NUMBER_OBJECT_CONVERSION = YES_AGGRESSIVE;
				CLANG_CXX_LANGUAGE_STANDARD = "gnu++20";
				CLANG_ENABLE_MODULES = YES;
				CLANG_ENABLE_OBJC_ARC = YES;
				CLANG_ENABLE_OBJC_WEAK = YES;
				CLANG_WARN_BLOCK_CAPTURE_AUTORELEASING = YES;
				CLANG_WARN_BOOL_CONVERSION = YES;
				CLANG_WARN_COMMA = YES;
				CLANG_WARN_CONSTANT_CONVERSION = YES;
				CLANG_WARN_DEPRECATED_OBJC_IMPLEMENTATIONS = YES;
				CLANG_WARN_DIRECT_OBJC_ISA_USAGE = YES_ERROR;
				CLANG_WARN_DOCUMENTATION_COMMENTS = YES;
				CLANG_WARN_EMPTY_BODY = YES;
				CLANG_WARN_ENUM_CONVERSION = YES;
				CLANG_WARN_INFINITE_RECURSION = YES;
				CLANG_WARN_INT_CONVERSION = YES;
				CLANG_WARN_NON_LITERAL_NULL_CONVERSION = YES;
				CLANG_WARN_OBJC_IMPLICIT_RETAIN_SELF = YES;
				CLANG_WARN_OBJC_LITERAL_CONVERSION = YES;
				CLANG_WARN_OBJC_ROOT_CLASS = YES_ERROR;
				CLANG_WARN_QUOTED_INCLUDE_IN_FRAMEWORK_HEADER = YES;
				CLANG_WARN_RANGE_LOOP_ANALYSIS = YES;
				CLANG_WARN_STRICT_PROTOTYPES = YES;
				CLANG_WARN_SUSPICIOUS_MOVE = YES;
				CLANG_WARN_UNGUARDED_AVAILABILITY = YES_AGGRESSIVE;
				CLANG_WARN_UNREACHABLE_CODE = YES;
				CLANG_WARN__DUPLICATE_METHOD_MATCH = YES;
				COPY_PHASE_STRIP = NO;
				DEBUG_INFORMATION_FORMAT = "dwarf-with-dsym";
				ENABLE_NS_ASSERTIONS = NO;
				ENABLE_STRICT_OBJC_MSGSEND = YES;
				ENABLE_USER_SCRIPT_SANDBOXING = YES;
				GCC_C_LANGUAGE_STANDARD = gnu17;
				GCC_NO_COMMON_BLOCKS = YES;
				GCC_WARN_64_TO_32_BIT_CONVERSION = YES;
				GCC_WARN_ABOUT_RETURN_TYPE = YES_ERROR;
				GCC_WARN_UNDECLARED_SELECTOR = YES;
				GCC_WARN_UNINITIALIZED_AUTOS = YES_AGGRESSIVE;
				GCC_WARN_UNUSED_FUNCTION = YES;
				GCC_WARN_UNUSED_VARIABLE = YES;
				LOCALIZATION_PREFERS_STRING_CATALOGS = YES;
				MACOSX_DEPLOYMENT_TARGET = 14.4;
				MTL_ENABLE_DEBUG_INFO = NO;
				MTL_FAST_MATH = YES;
				SDKROOT = macosx;
				SWIFT_COMPILATION_MODE = wholemodule;
			};
			name = Release;
		};
		9153E55A2BA179370071B6FB /* Debug */ = {
			isa = XCBuildConfiguration;
			buildSettings = {
				ASSETCATALOG_COMPILER_APPICON_NAME = AppIcon;
				ASSETCATALOG_COMPILER_GLOBAL_ACCENT_COLOR_NAME = AccentColor;
				CODE_SIGN_ENTITLEMENTS = "Youtube-dlp-Formac/Youtube_dlp_Formac.entitlements";
				CODE_SIGN_STYLE = Automatic;
				COMBINE_HIDPI_IMAGES = YES;
				CURRENT_PROJECT_VERSION = 1;
				DEVELOPMENT_ASSET_PATHS = "\"Youtube-dlp-Formac/Preview Content\"";
				DEVELOPMENT_TEAM = 73QXWXD42R;
				ENABLE_HARDENED_RUNTIME = YES;
				ENABLE_PREVIEWS = YES;
				GENERATE_INFOPLIST_FILE = YES;
				INFOPLIST_KEY_NSHumanReadableCopyright = "";
				LD_RUNPATH_SEARCH_PATHS = (
					"$(inherited)",
					"@executable_path/../Frameworks",
				);
				MACOSX_DEPLOYMENT_TARGET = 14.0;
				MARKETING_VERSION = 1.0;
				PRODUCT_BUNDLE_IDENTIFIER = "Ross.Youtube-dlp-Formac";
				PRODUCT_NAME = "$(TARGET_NAME)";
				SWIFT_EMIT_LOC_STRINGS = YES;
				SWIFT_VERSION = 5.0;
			};
			name = Debug;
		};
		9153E55B2BA179370071B6FB /* Release */ = {
			isa = XCBuildConfiguration;
			buildSettings = {
				ASSETCATALOG_COMPILER_APPICON_NAME = AppIcon;
				ASSETCATALOG_COMPILER_GLOBAL_ACCENT_COLOR_NAME = AccentColor;
				CODE_SIGN_ENTITLEMENTS = "Youtube-dlp-Formac/Youtube_dlp_Formac.entitlements";
				CODE_SIGN_STYLE = Automatic;
				COMBINE_HIDPI_IMAGES = YES;
				CURRENT_PROJECT_VERSION = 1;
				DEVELOPMENT_ASSET_PATHS = "\"Youtube-dlp-Formac/Preview Content\"";
				DEVELOPMENT_TEAM = 73QXWXD42R;
				ENABLE_HARDENED_RUNTIME = YES;
				ENABLE_PREVIEWS = YES;
				GENERATE_INFOPLIST_FILE = YES;
				INFOPLIST_KEY_NSHumanReadableCopyright = "";
				LD_RUNPATH_SEARCH_PATHS = (
					"$(inherited)",
					"@executable_path/../Frameworks",
				);
				MACOSX_DEPLOYMENT_TARGET = 14.0;
				MARKETING_VERSION = 1.0;
				PRODUCT_BUNDLE_IDENTIFIER = "Ross.Youtube-dlp-Formac";
				PRODUCT_NAME = "$(TARGET_NAME)";
				SWIFT_EMIT_LOC_STRINGS = YES;
				SWIFT_VERSION = 5.0;
			};
			name = Release;
		};
		9153E55D2BA179370071B6FB /* Debug */ = {
			isa = XCBuildConfiguration;
			buildSettings = {
				ALWAYS_EMBED_SWIFT_STANDARD_LIBRARIES = YES;
				BUNDLE_LOADER = "$(TEST_HOST)";
				CODE_SIGN_STYLE = Automatic;
				CURRENT_PROJECT_VERSION = 1;
				DEVELOPMENT_TEAM = 73QXWXD42R;
				GENERATE_INFOPLIST_FILE = YES;
				MACOSX_DEPLOYMENT_TARGET = 14.0;
				MARKETING_VERSION = 1.0;
				PRODUCT_BUNDLE_IDENTIFIER = "Ross.Youtube-dlp-FormacTests";
				PRODUCT_NAME = "$(TARGET_NAME)";
				SWIFT_EMIT_LOC_STRINGS = NO;
				SWIFT_VERSION = 5.0;
				TEST_HOST = "$(BUILT_PRODUCTS_DIR)/Youtube-dlp-Formac.app/$(BUNDLE_EXECUTABLE_FOLDER_PATH)/Youtube-dlp-Formac";
			};
			name = Debug;
		};
		9153E55E2BA179370071B6FB /* Release */ = {
			isa = XCBuildConfiguration;
			buildSettings = {
				ALWAYS_EMBED_SWIFT_STANDARD_LIBRARIES = YES;
				BUNDLE_LOADER = "$(TEST_HOST)";
				CODE_SIGN_STYLE = Automatic;
				CURRENT_PROJECT_VERSION = 1;
				DEVELOPMENT_TEAM = 73QXWXD42R;
				GENERATE_INFOPLIST_FILE = YES;
				MACOSX_DEPLOYMENT_TARGET = 14.0;
				MARKETING_VERSION = 1.0;
				PRODUCT_BUNDLE_IDENTIFIER = "Ross.Youtube-dlp-FormacTests";
				PRODUCT_NAME = "$(TARGET_NAME)";
				SWIFT_EMIT_LOC_STRINGS = NO;
				SWIFT_VERSION = 5.0;
				TEST_HOST = "$(BUILT_PRODUCTS_DIR)/Youtube-dlp-Formac.app/$(BUNDLE_EXECUTABLE_FOLDER_PATH)/Youtube-dlp-Formac";
			};
			name = Release;
		};
		9153E5602BA179370071B6FB /* Debug */ = {
			isa = XCBuildConfiguration;
			buildSettings = {
				ALWAYS_EMBED_SWIFT_STANDARD_LIBRARIES = YES;
				CODE_SIGN_STYLE = Automatic;
				CURRENT_PROJECT_VERSION = 1;
				DEVELOPMENT_TEAM = 73QXWXD42R;
				GENERATE_INFOPLIST_FILE = YES;
				MARKETING_VERSION = 1.0;
				PRODUCT_BUNDLE_IDENTIFIER = "Ross.Youtube-dlp-FormacUITests";
				PRODUCT_NAME = "$(TARGET_NAME)";
				SWIFT_EMIT_LOC_STRINGS = NO;
				SWIFT_VERSION = 5.0;
				TEST_TARGET_NAME = "Youtube-dlp-Formac";
			};
			name = Debug;
		};
		9153E5612BA179370071B6FB /* Release */ = {
			isa = XCBuildConfiguration;
			buildSettings = {
				ALWAYS_EMBED_SWIFT_STANDARD_LIBRARIES = YES;
				CODE_SIGN_STYLE = Automatic;
				CURRENT_PROJECT_VERSION = 1;
				DEVELOPMENT_TEAM = 73QXWXD42R;
				GENERATE_INFOPLIST_FILE = YES;
				MARKETING_VERSION = 1.0;
				PRODUCT_BUNDLE_IDENTIFIER = "Ross.Youtube-dlp-FormacUITests";
				PRODUCT_NAME = "$(TARGET_NAME)";
				SWIFT_EMIT_LOC_STRINGS = NO;
				SWIFT_VERSION = 5.0;
				TEST_TARGET_NAME = "Youtube-dlp-Formac";
			};
			name = Release;
		};
/* End XCBuildConfiguration section */

/* Begin XCConfigurationList section */
		9153E52D2BA179350071B6FB /* Build configuration list for PBXProject "Youtube-dlp-Formac" */ = {
			isa = XCConfigurationList;
			buildConfigurations = (
				9153E5572BA179370071B6FB /* Debug */,
				9153E5582BA179370071B6FB /* Release */,
			);
			defaultConfigurationIsVisible = 0;
			defaultConfigurationName = Release;
		};
		9153E5592BA179370071B6FB /* Build configuration list for PBXNativeTarget "Youtube-dlp-Formac" */ = {
			isa = XCConfigurationList;
			buildConfigurations = (
				9153E55A2BA179370071B6FB /* Debug */,
				9153E55B2BA179370071B6FB /* Release */,
			);
			defaultConfigurationIsVisible = 0;
			defaultConfigurationName = Release;
		};
		9153E55C2BA179370071B6FB /* Build configuration list for PBXNativeTarget "Youtube-dlp-FormacTests" */ = {
			isa = XCConfigurationList;
			buildConfigurations = (
				9153E55D2BA179370071B6FB /* Debug */,
				9153E55E2BA179370071B6FB /* Release */,
			);
			defaultConfigurationIsVisible = 0;
			defaultConfigurationName = Release;
		};
		9153E55F2BA179370071B6FB /* Build configuration list for PBXNativeTarget "Youtube-dlp-FormacUITests" */ = {
			isa = XCConfigurationList;
			buildConfigurations = (
				9153E5602BA179370071B6FB /* Debug */,
				9153E5612BA179370071B6FB /* Release */,
			);
			defaultConfigurationIsVisible = 0;
			defaultConfigurationName = Release;
		};
/* End XCConfigurationList section */
	};
	rootObject = 9153E52A2BA179350071B6FB /* Project object */;
}
